
Microsoft Visual Studio Solution File, Format Version 12.00
Project("{FAE04EC0-301F-11D3-BF4B-00C04F79EFBC}") = "pokemondb", "pokemondb\pokemondb.csproj", "{663F16EB-F55A-488C-ABAC-D8E7141B09CE}"
EndProject
Global
	GlobalSection(SolutionConfigurationPlatforms) = preSolution
		Debug|Any CPU = Debug|Any CPU
		Release|Any CPU = Release|Any CPU
	EndGlobalSection
	GlobalSection(ProjectConfigurationPlatforms) = postSolution
		{663F16EB-F55A-488C-ABAC-D8E7141B09CE}.Debug|Any CPU.ActiveCfg = Debug|Any CPU
		{663F16EB-F55A-488C-ABAC-D8E7141B09CE}.Debug|Any CPU.Build.0 = Debug|Any CPU
		{663F16EB-F55A-488C-ABAC-D8E7141B09CE}.Release|Any CPU.ActiveCfg = Release|Any CPU
		{663F16EB-F55A-488C-ABAC-D8E7141B09CE}.Release|Any CPU.Build.0 = Release|Any CPU
	EndGlobalSection
EndGlobal
